
Microsoft Visual Studio Solution File, Format Version 12.00
# Visual Studio Version 17
VisualStudioVersion = 17.8.34316.72
MinimumVisualStudioVersion = 10.0.40219.1
Project("{2150E333-8FDC-42A3-9474-1A3956D46DE8}") = "src", "src", "{73B92B3A-B0D3-4FCD-B41B-6E13F2AD1BDB}"
EndProject
Project("{2150E333-8FDC-42A3-9474-1A3956D46DE8}") = "test", "test", "{22ED0FA8-CC06-4775-AEE8-32F932927ED7}"
EndProject
Project("{2150E333-8FDC-42A3-9474-1A3956D46DE8}") = "Core", "Core", "{B9E46539-0ECE-41D4-BFA9-218AAC2785C1}"
EndProject
Project("{2150E333-8FDC-42A3-9474-1A3956D46DE8}") = "API", "API", "{9B7F966B-F63D-4F03-A47B-E77AFAA21D3F}"
EndProject
Project("{2150E333-8FDC-42A3-9474-1A3956D46DE8}") = "Infrastructure", "Infrastructure", "{841375CA-93E8-4ADA-BDE2-9B4288E6CF93}"
EndProject
Project("{9A19103F-16F7-4668-BE54-9A1E7A4F7556}") = "ECommerce.Domain", "ECommerce.Domain\ECommerce.Domain.csproj", "{9CC0A543-47AA-4743-AA99-E6DBA0E514C9}"
EndProject
Project("{9A19103F-16F7-4668-BE54-9A1E7A4F7556}") = "ECommerce.Application", "ECommerce.Application\ECommerce.Application.csproj", "{10215354-E90C-4A83-9819-FC55BE5048F0}"
EndProject
Project("{9A19103F-16F7-4668-BE54-9A1E7A4F7556}") = "ECommerce.Persistence", "ECommerce.Persistence\ECommerce.Persistence.csproj", "{C400BF89-BC4B-4CBA-9827-E145E4CC37A4}"
EndProject
Project("{9A19103F-16F7-4668-BE54-9A1E7A4F7556}") = "ECommerce.Infrastructure", "ECommerce.Infrastructure\ECommerce.Infrastructure.csproj", "{2C20269D-D0F7-4CD5-8B52-383E54B5C8BE}"
EndProject
Project("{9A19103F-16F7-4668-BE54-9A1E7A4F7556}") = "ECommerce.Api", "ECommerce.Api\ECommerce.Api.csproj", "{3FDD560B-4008-462A-8CF4-9C4AF56F46E5}"
EndProject
Project("{FAE04EC0-301F-11D3-BF4B-00C04F79EFBC}") = "ECommerce.Identity", "ECommerce.Identity\ECommerce.Identity.csproj", "{0C611BDA-E4F6-44F0-AFE0-28A7B6F9BF37}"
EndProject
Project("{E53339B2-1760-4266-BCC7-CA923CBCF16C}") = "docker-compose", "docker-compose.dcproj", "{567DAF06-2811-4C28-A5B5-313A8920F684}"
EndProject
Global
	GlobalSection(SolutionConfigurationPlatforms) = preSolution
		Debug|Any CPU = Debug|Any CPU
		Release|Any CPU = Release|Any CPU
	EndGlobalSection
	GlobalSection(ProjectConfigurationPlatforms) = postSolution
		{9CC0A543-47AA-4743-AA99-E6DBA0E514C9}.Debug|Any CPU.ActiveCfg = Debug|Any CPU
		{9CC0A543-47AA-4743-AA99-E6DBA0E514C9}.Debug|Any CPU.Build.0 = Debug|Any CPU
		{9CC0A543-47AA-4743-AA99-E6DBA0E514C9}.Release|Any CPU.ActiveCfg = Release|Any CPU
		{9CC0A543-47AA-4743-AA99-E6DBA0E514C9}.Release|Any CPU.Build.0 = Release|Any CPU
		{10215354-E90C-4A83-9819-FC55BE5048F0}.Debug|Any CPU.ActiveCfg = Debug|Any CPU
		{10215354-E90C-4A83-9819-FC55BE5048F0}.Debug|Any CPU.Build.0 = Debug|Any CPU
		{10215354-E90C-4A83-9819-FC55BE5048F0}.Release|Any CPU.ActiveCfg = Release|Any CPU
		{10215354-E90C-4A83-9819-FC55BE5048F0}.Release|Any CPU.Build.0 = Release|Any CPU
		{C400BF89-BC4B-4CBA-9827-E145E4CC37A4}.Debug|Any CPU.ActiveCfg = Debug|Any CPU
		{C400BF89-BC4B-4CBA-9827-E145E4CC37A4}.Debug|Any CPU.Build.0 = Debug|Any CPU
		{C400BF89-BC4B-4CBA-9827-E145E4CC37A4}.Release|Any CPU.ActiveCfg = Release|Any CPU
		{C400BF89-BC4B-4CBA-9827-E145E4CC37A4}.Release|Any CPU.Build.0 = Release|Any CPU
		{2C20269D-D0F7-4CD5-8B52-383E54B5C8BE}.Debug|Any CPU.ActiveCfg = Debug|Any CPU
		{2C20269D-D0F7-4CD5-8B52-383E54B5C8BE}.Debug|Any CPU.Build.0 = Debug|Any CPU
		{2C20269D-D0F7-4CD5-8B52-383E54B5C8BE}.Release|Any CPU.ActiveCfg = Release|Any CPU
		{2C20269D-D0F7-4CD5-8B52-383E54B5C8BE}.Release|Any CPU.Build.0 = Release|Any CPU
		{3FDD560B-4008-462A-8CF4-9C4AF56F46E5}.Debug|Any CPU.ActiveCfg = Debug|Any CPU
		{3FDD560B-4008-462A-8CF4-9C4AF56F46E5}.Debug|Any CPU.Build.0 = Debug|Any CPU
		{3FDD560B-4008-462A-8CF4-9C4AF56F46E5}.Release|Any CPU.ActiveCfg = Release|Any CPU
		{3FDD560B-4008-462A-8CF4-9C4AF56F46E5}.Release|Any CPU.Build.0 = Release|Any CPU
		{0C611BDA-E4F6-44F0-AFE0-28A7B6F9BF37}.Debug|Any CPU.ActiveCfg = Debug|Any CPU
		{0C611BDA-E4F6-44F0-AFE0-28A7B6F9BF37}.Debug|Any CPU.Build.0 = Debug|Any CPU
		{0C611BDA-E4F6-44F0-AFE0-28A7B6F9BF37}.Release|Any CPU.ActiveCfg = Release|Any CPU
		{0C611BDA-E4F6-44F0-AFE0-28A7B6F9BF37}.Release|Any CPU.Build.0 = Release|Any CPU
		{567DAF06-2811-4C28-A5B5-313A8920F684}.Debug|Any CPU.ActiveCfg = Debug|Any CPU
		{567DAF06-2811-4C28-A5B5-313A8920F684}.Debug|Any CPU.Build.0 = Debug|Any CPU
		{567DAF06-2811-4C28-A5B5-313A8920F684}.Release|Any CPU.ActiveCfg = Release|Any CPU
		{567DAF06-2811-4C28-A5B5-313A8920F684}.Release|Any CPU.Build.0 = Release|Any CPU
	EndGlobalSection
	GlobalSection(SolutionProperties) = preSolution
		HideSolutionNode = FALSE
	EndGlobalSection
	GlobalSection(NestedProjects) = preSolution
		{B9E46539-0ECE-41D4-BFA9-218AAC2785C1} = {73B92B3A-B0D3-4FCD-B41B-6E13F2AD1BDB}
		{9B7F966B-F63D-4F03-A47B-E77AFAA21D3F} = {73B92B3A-B0D3-4FCD-B41B-6E13F2AD1BDB}
		{841375CA-93E8-4ADA-BDE2-9B4288E6CF93} = {73B92B3A-B0D3-4FCD-B41B-6E13F2AD1BDB}
		{9CC0A543-47AA-4743-AA99-E6DBA0E514C9} = {B9E46539-0ECE-41D4-BFA9-218AAC2785C1}
		{10215354-E90C-4A83-9819-FC55BE5048F0} = {B9E46539-0ECE-41D4-BFA9-218AAC2785C1}
		{C400BF89-BC4B-4CBA-9827-E145E4CC37A4} = {841375CA-93E8-4ADA-BDE2-9B4288E6CF93}
		{2C20269D-D0F7-4CD5-8B52-383E54B5C8BE} = {841375CA-93E8-4ADA-BDE2-9B4288E6CF93}
		{3FDD560B-4008-462A-8CF4-9C4AF56F46E5} = {9B7F966B-F63D-4F03-A47B-E77AFAA21D3F}
		{0C611BDA-E4F6-44F0-AFE0-28A7B6F9BF37} = {841375CA-93E8-4ADA-BDE2-9B4288E6CF93}
	EndGlobalSection
	GlobalSection(ExtensibilityGlobals) = postSolution
		SolutionGuid = {B02CEF6A-FD31-4E1A-9404-F8B616A2260A}
	EndGlobalSection
EndGlobal
